
Microsoft Visual Studio Solution File, Format Version 12.00
# Visual Studio Version 17
VisualStudioVersion = 17.9.34902.65
MinimumVisualStudioVersion = 10.0.40219.1
Project("{FAE04EC0-301F-11D3-BF4B-00C04F79EFBC}") = "ScreenSounde", "ScreenSounde\ScreenSounde.csproj", "{DC561069-807F-41BA-AB1A-9E45EBFAA82D}"
EndProject
Global
	GlobalSection(SolutionConfigurationPlatforms) = preSolution
		Debug|Any CPU = Debug|Any CPU
		Release|Any CPU = Release|Any CPU
	EndGlobalSection
	GlobalSection(ProjectConfigurationPlatforms) = postSolution
		{DC561069-807F-41BA-AB1A-9E45EBFAA82D}.Debug|Any CPU.ActiveCfg = Debug|Any CPU
		{DC561069-807F-41BA-AB1A-9E45EBFAA82D}.Debug|Any CPU.Build.0 = Debug|Any CPU
		{DC561069-807F-41BA-AB1A-9E45EBFAA82D}.Release|Any CPU.ActiveCfg = Release|Any CPU
		{DC561069-807F-41BA-AB1A-9E45EBFAA82D}.Release|Any CPU.Build.0 = Release|Any CPU
	EndGlobalSection
	GlobalSection(SolutionProperties) = preSolution
		HideSolutionNode = FALSE
	EndGlobalSection
	GlobalSection(ExtensibilityGlobals) = postSolution
		SolutionGuid = {A0068121-9CEB-4F11-9FAA-7E76FC2DFBAA}
	EndGlobalSection
EndGlobal
